PODS:
  - Flutter (1.0.0)
  - flutterzip (0.0.1):
    - Flutter
    - SSZipArchive (~> 2.0.7)
  - path_provider (0.0.1):
    - Flutter
  - path_provider_linux (0.0.1):
    - Flutter
  - path_provider_macos (0.0.1):
    - Flutter
  - SSZipArchive (2.0.8)

DEPENDENCIES:
  - Flutter (from `Flutter`)
  - flutterzip (from `.symlinks/plugins/flutterzip/ios`)
  - path_provider (from `.symlinks/plugins/path_provider/ios`)
  - path_provider_linux (from `.symlinks/plugins/path_provider_linux/ios`)
  - path_provider_macos (from `.symlinks/plugins/path_provider_macos/ios`)

SPEC REPOS:
  trunk:
    - SSZipArchive

EXTERNAL SOURCES:
  Flutter:
    :path: Flutter
  flutterzip:
    :path: ".symlinks/plugins/flutterzip/ios"
  path_provider:
    :path: ".symlinks/plugins/path_provider/ios"
  path_provider_linux:
    :path: ".symlinks/plugins/path_provider_linux/ios"
  path_provider_macos:
    :path: ".symlinks/plugins/path_provider_macos/ios"

SPEC CHECKSUMS:
  Flutter: 0e3d915762c693b495b44d77113d4970485de6ec
  flutterzip: a8971d695daf2b81861b8f314a83e9c25d66f1d9
  path_provider: abfe2b5c733d04e238b0d8691db0cfd63a27a93c
  path_provider_linux: 4d630dc393e1f20364f3e3b4a2ff41d9674a84e4
  path_provider_macos: f760a3c5b04357c380e2fddb6f9db6f3015897e0
  SSZipArchive: e6ab66e1936fac7e3b5073e9f5eb364d91dfbfc7

PODFILE CHECKSUM: 084be47092790d3d5f09fbc6f87a2e8bf7177d4a

COCOAPODS: 1.9.1
